// !$*UTF8*$!
{
	archiveVersion = 1;
	classes = {
	};
	objectVersion = 46;
	objects = {

/* Begin PBXBuildFile section */
		1AC537351CE19E4B00DB6BBE /* OABottoomButton.m in Sources */ = {isa = PBXBuildFile; fileRef = 1AC537341CE19E4B00DB6BBE /* OABottoomButton.m */; };
		1AFB29771CE1660400B23DD5 /* main.m in Sources */ = {isa = PBXBuildFile; fileRef = 1AFB29761CE1660400B23DD5 /* main.m */; };
		1AFB29821CE1660400B23DD5 /* Assets.xcassets in Resources */ = {isa = PBXBuildFile; fileRef = 1AFB29811CE1660400B23DD5 /* Assets.xcassets */; };
		1AFB29851CE1660400B23DD5 /* LaunchScreen.storyboard in Resources */ = {isa = PBXBuildFile; fileRef = 1AFB29831CE1660400B23DD5 /* LaunchScreen.storyboard */; };
		1AFB29BB1CE1667500B23DD5 /* AppDelegate.m in Sources */ = {isa = PBXBuildFile; fileRef = 1AFB29AF1CE1667500B23DD5 /* AppDelegate.m */; };
		1AFB29BE1CE16BF200B23DD5 /* OAHall.storyboard in Resources */ = {isa = PBXBuildFile; fileRef = 1AFB29BD1CE16BF200B23DD5 /* OAHall.storyboard */; };
		1AFB29C01CE16C0200B23DD5 /* OAArena.storyboard in Resources */ = {isa = PBXBuildFile; fileRef = 1AFB29BF1CE16C0200B23DD5 /* OAArena.storyboard */; };
		1AFB29C21CE16C0F00B23DD5 /* OADiscovery.storyboard in Resources */ = {isa = PBXBuildFile; fileRef = 1AFB29C11CE16C0F00B23DD5 /* OADiscovery.storyboard */; };
		1AFB29C41CE16C1700B23DD5 /* OAHistory.storyboard in Resources */ = {isa = PBXBuildFile; fileRef = 1AFB29C31CE16C1700B23DD5 /* OAHistory.storyboard */; };
		1AFB29C61CE16C2400B23DD5 /* OAMy.storyboard in Resources */ = {isa = PBXBuildFile; fileRef = 1AFB29C51CE16C2400B23DD5 /* OAMy.storyboard */; };
		1AFB29C91CE170C300B23DD5 /* OATabBarController.m in Sources */ = {isa = PBXBuildFile; fileRef = 1AFB29C81CE170C300B23DD5 /* OATabBarController.m */; };
		1AFB29CC1CE170F100B23DD5 /* OABottomView.m in Sources */ = {isa = PBXBuildFile; fileRef = 1AFB29CB1CE170F100B23DD5 /* OABottomView.m */; };
/* End PBXBuildFile section */

/* Begin PBXFileReference section */
		1AC537331CE19E4B00DB6BBE /* OABottoomButton.h */ = {isa = PBXFileReference; fileEncoding = 4; lastKnownFileType = sourcecode.c.h; path = OABottoomButton.h; sourceTree = "<group>"; };
		1AC537341CE19E4B00DB6BBE /* OABottoomButton.m */ = {isa = PBXFileReference; fileEncoding = 4; lastKnownFileType = sourcecode.c.objc; path = OABottoomButton.m; sourceTree = "<group>"; };
		1AFB29721CE1660400B23DD5 /* Orage-Lottery.app */ = {isa = PBXFileReference; explicitFileType = wrapper.application; includeInIndex = 0; path = "Orage-Lottery.app"; sourceTree = BUILT_PRODUCTS_DIR; };
		1AFB29761CE1660400B23DD5 /* main.m */ = {isa = PBXFileReference; lastKnownFileType = sourcecode.c.objc; path = main.m; sourceTree = "<group>"; };
		1AFB29811CE1660400B23DD5 /* Assets.xcassets */ = {isa = PBXFileReference; lastKnownFileType = folder.assetcatalog; path = Assets.xcassets; sourceTree = "<group>"; };
		1AFB29841CE1660400B23DD5 /* Base */ = {isa = PBXFileReference; lastKnownFileType = file.storyboard; name = Base; path = Base.lproj/LaunchScreen.storyboard; sourceTree = "<group>"; };
		1AFB29861CE1660400B23DD5 /* Info.plist */ = {isa = PBXFileReference; lastKnownFileType = text.plist.xml; path = Info.plist; sourceTree = "<group>"; };
		1AFB29AE1CE1667500B23DD5 /* AppDelegate.h */ = {isa = PBXFileReference; fileEncoding = 4; lastKnownFileType = sourcecode.c.h; path = AppDelegate.h; sourceTree = "<group>"; };
		1AFB29AF1CE1667500B23DD5 /* AppDelegate.m */ = {isa = PBXFileReference; fileEncoding = 4; lastKnownFileType = sourcecode.c.objc; path = AppDelegate.m; sourceTree = "<group>"; };
		1AFB29BD1CE16BF200B23DD5 /* OAHall.storyboard */ = {isa = PBXFileReference; fileEncoding = 4; lastKnownFileType = file.storyboard; path = OAHall.storyboard; sourceTree = "<group>"; };
		1AFB29BF1CE16C0200B23DD5 /* OAArena.storyboard */ = {isa = PBXFileReference; fileEncoding = 4; lastKnownFileType = file.storyboard; path = OAArena.storyboard; sourceTree = "<group>"; };
		1AFB29C11CE16C0F00B23DD5 /* OADiscovery.storyboard */ = {isa = PBXFileReference; fileEncoding = 4; lastKnownFileType = file.storyboard; path = OADiscovery.storyboard; sourceTree = "<group>"; };
		1AFB29C31CE16C1700B23DD5 /* OAHistory.storyboard */ = {isa = PBXFileReference; fileEncoding = 4; lastKnownFileType = file.storyboard; path = OAHistory.storyboard; sourceTree = "<group>"; };
		1AFB29C51CE16C2400B23DD5 /* OAMy.storyboard */ = {isa = PBXFileReference; fileEncoding = 4; lastKnownFileType = file.storyboard; path = OAMy.storyboard; sourceTree = "<group>"; };
		1AFB29C71CE170C300B23DD5 /* OATabBarController.h */ = {isa = PBXFileReference; fileEncoding = 4; lastKnownFileType = sourcecode.c.h; path = OATabBarController.h; sourceTree = "<group>"; };
		1AFB29C81CE170C300B23DD5 /* OATabBarController.m */ = {isa = PBXFileReference; fileEncoding = 4; lastKnownFileType = sourcecode.c.objc; path = OATabBarController.m; sourceTree = "<group>"; };
		1AFB29CA1CE170F100B23DD5 /* OABottomView.h */ = {isa = PBXFileReference; fileEncoding = 4; lastKnownFileType = sourcecode.c.h; path = OABottomView.h; sourceTree = "<group>"; };
		1AFB29CB1CE170F100B23DD5 /* OABottomView.m */ = {isa = PBXFileReference; fileEncoding = 4; lastKnownFileType = sourcecode.c.objc; path = OABottomView.m; sourceTree = "<group>"; };
		1AFB29CD1CE171E400B23DD5 /* PrefixHeader.pch */ = {isa = PBXFileReference; fileEncoding = 4; lastKnownFileType = sourcecode.c.h; path = PrefixHeader.pch; sourceTree = "<group>"; };
/* End PBXFileReference section */

/* Begin PBXFrameworksBuildPhase section */
		1AFB296F1CE1660400B23DD5 /* Frameworks */ = {
			isa = PBXFrameworksBuildPhase;
			buildActionMask = 2147483647;
			files = (
			);
			runOnlyForDeploymentPostprocessing = 0;
		};
/* End PBXFrameworksBuildPhase section */

/* Begin PBXGroup section */
		1AFB29691CE1660400B23DD5 = {
			isa = PBXGroup;
			children = (
				1AFB29741CE1660400B23DD5 /* Orage-Lottery */,
				1AFB29731CE1660400B23DD5 /* Products */,
			);
			sourceTree = "<group>";
		};
		1AFB29731CE1660400B23DD5 /* Products */ = {
			isa = PBXGroup;
			children = (
				1AFB29721CE1660400B23DD5 /* Orage-Lottery.app */,
			);
			name = Products;
			sourceTree = "<group>";
		};
		1AFB29741CE1660400B23DD5 /* Orage-Lottery */ = {
			isa = PBXGroup;
			children = (
				1AFB298C1CE1667500B23DD5 /* Classes */,
				1AFB29751CE1660400B23DD5 /* Supporting Files */,
			);
			path = "Orage-Lottery";
			sourceTree = "<group>";
		};
		1AFB29751CE1660400B23DD5 /* Supporting Files */ = {
			isa = PBXGroup;
			children = (
				1AFB29811CE1660400B23DD5 /* Assets.xcassets */,
				1AFB29831CE1660400B23DD5 /* LaunchScreen.storyboard */,
				1AFB29861CE1660400B23DD5 /* Info.plist */,
				1AFB29761CE1660400B23DD5 /* main.m */,
				1AFB29CD1CE171E400B23DD5 /* PrefixHeader.pch */,
			);
			name = "Supporting Files";
			sourceTree = "<group>";
		};
		1AFB298C1CE1667500B23DD5 /* Classes */ = {
			isa = PBXGroup;
			children = (
				1AFB29AA1CE1667500B23DD5 /* Main[主体] */,
				1AFB299E1CE1667500B23DD5 /* Hall[大厅] */,
				1AFB298D1CE1667500B23DD5 /* Arena[竞技场] */,
				1AFB29931CE1667500B23DD5 /* Discovery[发现] */,
				1AFB29A41CE1667500B23DD5 /* History[历史] */,
				1AFB29B11CE1667500B23DD5 /* MyLottery[我的] */,
				1AFB29991CE1667500B23DD5 /* Guide[新特性] */,
			);
			path = Classes;
			sourceTree = "<group>";
		};
		1AFB298D1CE1667500B23DD5 /* Arena[竞技场] */ = {
			isa = PBXGroup;
			children = (
				1AFB298E1CE1667500B23DD5 /* Controllers */,
				1AFB29901CE1667500B23DD5 /* Models */,
				1AFB29911CE1667500B23DD5 /* Others */,
				1AFB29921CE1667500B23DD5 /* Views */,
			);
			path = "Arena[竞技场]";
			sourceTree = "<group>";
		};
		1AFB298E1CE1667500B23DD5 /* Controllers */ = {
			isa = PBXGroup;
			children = (
				1AFB29BF1CE16C0200B23DD5 /* OAArena.storyboard */,
			);
			path = Controllers;
			sourceTree = "<group>";
		};
		1AFB29901CE1667500B23DD5 /* Models */ = {
			isa = PBXGroup;
			children = (
			);
			path = Models;
			sourceTree = "<group>";
		};
		1AFB29911CE1667500B23DD5 /* Others */ = {
			isa = PBXGroup;
			children = (
			);
			path = Others;
			sourceTree = "<group>";
		};
		1AFB29921CE1667500B23DD5 /* Views */ = {
			isa = PBXGroup;
			children = (
			);
			path = Views;
			sourceTree = "<group>";
		};
		1AFB29931CE1667500B23DD5 /* Discovery[发现] */ = {
			isa = PBXGroup;
			children = (
				1AFB29941CE1667500B23DD5 /* Controllers */,
				1AFB29961CE1667500B23DD5 /* Models */,
				1AFB29971CE1667500B23DD5 /* Others */,
				1AFB29981CE1667500B23DD5 /* Views */,
			);
			path = "Discovery[发现]";
			sourceTree = "<group>";
		};
		1AFB29941CE1667500B23DD5 /* Controllers */ = {
			isa = PBXGroup;
			children = (
				1AFB29C11CE16C0F00B23DD5 /* OADiscovery.storyboard */,
			);
			path = Controllers;
			sourceTree = "<group>";
		};
		1AFB29961CE1667500B23DD5 /* Models */ = {
			isa = PBXGroup;
			children = (
			);
			path = Models;
			sourceTree = "<group>";
		};
		1AFB29971CE1667500B23DD5 /* Others */ = {
			isa = PBXGroup;
			children = (
			);
			path = Others;
			sourceTree = "<group>";
		};
		1AFB29981CE1667500B23DD5 /* Views */ = {
			isa = PBXGroup;
			children = (
			);
			path = Views;
			sourceTree = "<group>";
		};
		1AFB29991CE1667500B23DD5 /* Guide[新特性] */ = {
			isa = PBXGroup;
			children = (
				1AFB299A1CE1667500B23DD5 /* Controllers */,
				1AFB299B1CE1667500B23DD5 /* Models */,
				1AFB299C1CE1667500B23DD5 /* Others */,
				1AFB299D1CE1667500B23DD5 /* Views */,
			);
			path = "Guide[新特性]";
			sourceTree = "<group>";
		};
		1AFB299A1CE1667500B23DD5 /* Controllers */ = {
			isa = PBXGroup;
			children = (
			);
			path = Controllers;
			sourceTree = "<group>";
		};
		1AFB299B1CE1667500B23DD5 /* Models */ = {
			isa = PBXGroup;
			children = (
			);
			path = Models;
			sourceTree = "<group>";
		};
		1AFB299C1CE1667500B23DD5 /* Others */ = {
			isa = PBXGroup;
			children = (
			);
			path = Others;
			sourceTree = "<group>";
		};
		1AFB299D1CE1667500B23DD5 /* Views */ = {
			isa = PBXGroup;
			children = (
			);
			path = Views;
			sourceTree = "<group>";
		};
		1AFB299E1CE1667500B23DD5 /* Hall[大厅] */ = {
			isa = PBXGroup;
			children = (
				1AFB299F1CE1667500B23DD5 /* Controllers */,
				1AFB29A11CE1667500B23DD5 /* Models */,
				1AFB29A21CE1667500B23DD5 /* Others */,
				1AFB29A31CE1667500B23DD5 /* Views */,
			);
			path = "Hall[大厅]";
			sourceTree = "<group>";
		};
		1AFB299F1CE1667500B23DD5 /* Controllers */ = {
			isa = PBXGroup;
			children = (
				1AFB29BD1CE16BF200B23DD5 /* OAHall.storyboard */,
			);
			path = Controllers;
			sourceTree = "<group>";
		};
		1AFB29A11CE1667500B23DD5 /* Models */ = {
			isa = PBXGroup;
			children = (
			);
			path = Models;
			sourceTree = "<group>";
		};
		1AFB29A21CE1667500B23DD5 /* Others */ = {
			isa = PBXGroup;
			children = (
			);
			path = Others;
			sourceTree = "<group>";
		};
		1AFB29A31CE1667500B23DD5 /* Views */ = {
			isa = PBXGroup;
			children = (
			);
			path = Views;
			sourceTree = "<group>";
		};
		1AFB29A41CE1667500B23DD5 /* History[历史] */ = {
			isa = PBXGroup;
			children = (
				1AFB29A51CE1667500B23DD5 /* Controllers */,
				1AFB29A71CE1667500B23DD5 /* Models */,
				1AFB29A81CE1667500B23DD5 /* Others */,
				1AFB29A91CE1667500B23DD5 /* Views */,
			);
			path = "History[历史]";
			sourceTree = "<group>";
		};
		1AFB29A51CE1667500B23DD5 /* Controllers */ = {
			isa = PBXGroup;
			children = (
				1AFB29C31CE16C1700B23DD5 /* OAHistory.storyboard */,
			);
			path = Controllers;
			sourceTree = "<group>";
		};
		1AFB29A71CE1667500B23DD5 /* Models */ = {
			isa = PBXGroup;
			children = (
			);
			path = Models;
			sourceTree = "<group>";
		};
		1AFB29A81CE1667500B23DD5 /* Others */ = {
			isa = PBXGroup;
			children = (
			);
			path = Others;
			sourceTree = "<group>";
		};
		1AFB29A91CE1667500B23DD5 /* Views */ = {
			isa = PBXGroup;
			children = (
			);
			path = Views;
			sourceTree = "<group>";
		};
		1AFB29AA1CE1667500B23DD5 /* Main[主体] */ = {
			isa = PBXGroup;
			children = (
				1AFB29AB1CE1667500B23DD5 /* Controllers */,
				1AFB29AC1CE1667500B23DD5 /* Models */,
				1AFB29AD1CE1667500B23DD5 /* Others */,
				1AFB29B01CE1667500B23DD5 /* Views */,
			);
			path = "Main[主体]";
			sourceTree = "<group>";
		};
		1AFB29AB1CE1667500B23DD5 /* Controllers */ = {
			isa = PBXGroup;
			children = (
				1AFB29C71CE170C300B23DD5 /* OATabBarController.h */,
				1AFB29C81CE170C300B23DD5 /* OATabBarController.m */,
			);
			path = Controllers;
			sourceTree = "<group>";
		};
		1AFB29AC1CE1667500B23DD5 /* Models */ = {
			isa = PBXGroup;
			children = (
			);
			path = Models;
			sourceTree = "<group>";
		};
		1AFB29AD1CE1667500B23DD5 /* Others */ = {
			isa = PBXGroup;
			children = (
				1AFB29AE1CE1667500B23DD5 /* AppDelegate.h */,
				1AFB29AF1CE1667500B23DD5 /* AppDelegate.m */,
			);
			path = Others;
			sourceTree = "<group>";
		};
		1AFB29B01CE1667500B23DD5 /* Views */ = {
			isa = PBXGroup;
			children = (
				1AFB29CA1CE170F100B23DD5 /* OABottomView.h */,
				1AFB29CB1CE170F100B23DD5 /* OABottomView.m */,
				1AC537331CE19E4B00DB6BBE /* OABottoomButton.h */,
				1AC537341CE19E4B00DB6BBE /* OABottoomButton.m */,
			);
			path = Views;
			sourceTree = "<group>";
		};
		1AFB29B11CE1667500B23DD5 /* MyLottery[我的] */ = {
			isa = PBXGroup;
			children = (
				1AFB29B21CE1667500B23DD5 /* Controllers */,
				1AFB29B41CE1667500B23DD5 /* Models */,
				1AFB29B51CE1667500B23DD5 /* Others */,
				1AFB29B61CE1667500B23DD5 /* Views */,
			);
			path = "MyLottery[我的]";
			sourceTree = "<group>";
		};
		1AFB29B21CE1667500B23DD5 /* Controllers */ = {
			isa = PBXGroup;
			children = (
				1AFB29C51CE16C2400B23DD5 /* OAMy.storyboard */,
			);
			path = Controllers;
			sourceTree = "<group>";
		};
		1AFB29B41CE1667500B23DD5 /* Models */ = {
			isa = PBXGroup;
			children = (
			);
			path = Models;
			sourceTree = "<group>";
		};
		1AFB29B51CE1667500B23DD5 /* Others */ = {
			isa = PBXGroup;
			children = (
			);
			path = Others;
			sourceTree = "<group>";
		};
		1AFB29B61CE1667500B23DD5 /* Views */ = {
			isa = PBXGroup;
			children = (
			);
			path = Views;
			sourceTree = "<group>";
		};
/* End PBXGroup section */

/* Begin PBXNativeTarget section */
		1AFB29711CE1660400B23DD5 /* Orage-Lottery */ = {
			isa = PBXNativeTarget;
			buildConfigurationList = 1AFB29891CE1660400B23DD5 /* Build configuration list for PBXNativeTarget "Orage-Lottery" */;
			buildPhases = (
				1AFB296E1CE1660400B23DD5 /* Sources */,
				1AFB296F1CE1660400B23DD5 /* Frameworks */,
				1AFB29701CE1660400B23DD5 /* Resources */,
			);
			buildRules = (
			);
			dependencies = (
			);
			name = "Orage-Lottery";
			productName = "Orage-Lottery";
			productReference = 1AFB29721CE1660400B23DD5 /* Orage-Lottery.app */;
			productType = "com.apple.product-type.application";
		};
/* End PBXNativeTarget section */

/* Begin PBXProject section */
		1AFB296A1CE1660400B23DD5 /* Project object */ = {
			isa = PBXProject;
			attributes = {
				CLASSPREFIX = OA;
				LastUpgradeCheck = 0730;
				ORGANIZATIONNAME = wzpnyg;
				TargetAttributes = {
					1AFB29711CE1660400B23DD5 = {
						CreatedOnToolsVersion = 7.3;
						DevelopmentTeam = PHM8Y5DP28;
					};
				};
			};
			buildConfigurationList = 1AFB296D1CE1660400B23DD5 /* Build configuration list for PBXProject "Orage-Lottery" */;
			compatibilityVersion = "Xcode 3.2";
			developmentRegion = English;
			hasScannedForEncodings = 0;
			knownRegions = (
				en,
				Base,
			);
			mainGroup = 1AFB29691CE1660400B23DD5;
			productRefGroup = 1AFB29731CE1660400B23DD5 /* Products */;
			projectDirPath = "";
			projectRoot = "";
			targets = (
				1AFB29711CE1660400B23DD5 /* Orage-Lottery */,
			);
		};
/* End PBXProject section */

/* Begin PBXResourcesBuildPhase section */
		1AFB29701CE1660400B23DD5 /* Resources */ = {
			isa = PBXResourcesBuildPhase;
			buildActionMask = 2147483647;
			files = (
				1AFB29C61CE16C2400B23DD5 /* OAMy.storyboard in Resources */,
				1AFB29C21CE16C0F00B23DD5 /* OADiscovery.storyboard in Resources */,
				1AFB29C01CE16C0200B23DD5 /* OAArena.storyboard in Resources */,
				1AFB29851CE1660400B23DD5 /* LaunchScreen.storyboard in Resources */,
				1AFB29C41CE16C1700B23DD5 /* OAHistory.storyboard in Resources */,
				1AFB29BE1CE16BF200B23DD5 /* OAHall.storyboard in Resources */,
				1AFB29821CE1660400B23DD5 /* Assets.xcassets in Resources */,
			);
			runOnlyForDeploymentPostprocessing = 0;
		};
/* End PBXResourcesBuildPhase section */

/* Begin PBXSourcesBuildPhase section */
		1AFB296E1CE1660400B23DD5 /* Sources */ = {
			isa = PBXSourcesBuildPhase;
			buildActionMask = 2147483647;
			files = (
				1AFB29BB1CE1667500B23DD5 /* AppDelegate.m in Sources */,
				1AFB29CC1CE170F100B23DD5 /* OABottomView.m in Sources */,
				1AFB29C91CE170C300B23DD5 /* OATabBarController.m in Sources */,
				1AC537351CE19E4B00DB6BBE /* OABottoomButton.m in Sources */,
				1AFB29771CE1660400B23DD5 /* main.m in Sources */,
			);
			runOnlyForDeploymentPostprocessing = 0;
		};
/* End PBXSourcesBuildPhase section */

/* Begin PBXVariantGroup section */
		1AFB29831CE1660400B23DD5 /* LaunchScreen.storyboard */ = {
			isa = PBXVariantGroup;
			children = (
				1AFB29841CE1660400B23DD5 /* Base */,
			);
			name = LaunchScreen.storyboard;
			sourceTree = "<group>";
		};
/* End PBXVariantGroup section */

/* Begin XCBuildConfiguration section */
		1AFB29871CE1660400B23DD5 /* Debug */ = {
			isa = XCBuildConfiguration;
			buildSettings = {
				ALWAYS_SEARCH_USER_PATHS = NO;
				CLANG_ANALYZER_NONNULL = YES;
				CLANG_CXX_LANGUAGE_STANDARD = "gnu++0x";
				CLANG_CXX_LIBRARY = "libc++";
				CLANG_ENABLE_MODULES = YES;
				CLANG_ENABLE_OBJC_ARC = YES;
				CLANG_WARN_BOOL_CONVERSION = YES;
				CLANG_WARN_CONSTANT_CONVERSION = YES;
				CLANG_WARN_DIRECT_OBJC_ISA_USAGE = YES_ERROR;
				CLANG_WARN_EMPTY_BODY = YES;
				CLANG_WARN_ENUM_CONVERSION = YES;
				CLANG_WARN_INT_CONVERSION = YES;
				CLANG_WARN_OBJC_ROOT_CLASS = YES_ERROR;
				CLANG_WARN_UNREACHABLE_CODE = YES;
				CLANG_WARN__DUPLICATE_METHOD_MATCH = YES;
				"CODE_SIGN_IDENTITY[sdk=iphoneos*]" = "iPhone Developer";
				COPY_PHASE_STRIP = NO;
				DEBUG_INFORMATION_FORMAT = dwarf;
				ENABLE_STRICT_OBJC_MSGSEND = YES;
				ENABLE_TESTABILITY = YES;
				GCC_C_LANGUAGE_STANDARD = gnu99;
				GCC_DYNAMIC_NO_PIC = NO;
				GCC_NO_COMMON_BLOCKS = YES;
				GCC_OPTIMIZATION_LEVEL = 0;
				GCC_PREPROCESSOR_DEFINITIONS = (
					"DEBUG=1",
					"$(inherited)",
				);
				GCC_WARN_64_TO_32_BIT_CONVERSION = YES;
				GCC_WARN_ABOUT_RETURN_TYPE = YES_ERROR;
				GCC_WARN_UNDECLARED_SELECTOR = YES;
				GCC_WARN_UNINITIALIZED_AUTOS = YES_AGGRESSIVE;
				GCC_WARN_UNUSED_FUNCTION = YES;
				GCC_WARN_UNUSED_VARIABLE = YES;
				IPHONEOS_DEPLOYMENT_TARGET = 9.3;
				MTL_ENABLE_DEBUG_INFO = YES;
				ONLY_ACTIVE_ARCH = YES;
				SDKROOT = iphoneos;
			};
			name = Debug;
		};
		1AFB29881CE1660400B23DD5 /* Release */ = {
			isa = XCBuildConfiguration;
			buildSettings = {
				ALWAYS_SEARCH_USER_PATHS = NO;
				CLANG_ANALYZER_NONNULL = YES;
				CLANG_CXX_LANGUAGE_STANDARD = "gnu++0x";
				CLANG_CXX_LIBRARY = "libc++";
				CLANG_ENABLE_MODULES = YES;
				CLANG_ENABLE_OBJC_ARC = YES;
				CLANG_WARN_BOOL_CONVERSION = YES;
				CLANG_WARN_CONSTANT_CONVERSION = YES;
				CLANG_WARN_DIRECT_OBJC_ISA_USAGE = YES_ERROR;
				CLANG_WARN_EMPTY_BODY = YES;
				CLANG_WARN_ENUM_CONVERSION = YES;
				CLANG_WARN_INT_CONVERSION = YES;
				CLANG_WARN_OBJC_ROOT_CLASS = YES_ERROR;
				CLANG_WARN_UNREACHABLE_CODE = YES;
				CLANG_WARN__DUPLICATE_METHOD_MATCH = YES;
				"CODE_SIGN_IDENTITY[sdk=iphoneos*]" = "iPhone Developer";
				COPY_PHASE_STRIP = NO;
				DEBUG_INFORMATION_FORMAT = "dwarf-with-dsym";
				ENABLE_NS_ASSERTIONS = NO;
				ENABLE_STRICT_OBJC_MSGSEND = YES;
				GCC_C_LANGUAGE_STANDARD = gnu99;
				GCC_NO_COMMON_BLOCKS = YES;
				GCC_WARN_64_TO_32_BIT_CONVERSION = YES;
				GCC_WARN_ABOUT_RETURN_TYPE = YES_ERROR;
				GCC_WARN_UNDECLARED_SELECTOR = YES;
				GCC_WARN_UNINITIALIZED_AUTOS = YES_AGGRESSIVE;
				GCC_WARN_UNUSED_FUNCTION = YES;
				GCC_WARN_UNUSED_VARIABLE = YES;
				IPHONEOS_DEPLOYMENT_TARGET = 9.3;
				MTL_ENABLE_DEBUG_INFO = NO;
				SDKROOT = iphoneos;
				VALIDATE_PRODUCT = YES;
			};
			name = Release;
		};
		1AFB298A1CE1660400B23DD5 /* Debug */ = {
			isa = XCBuildConfiguration;
			buildSettings = {
				ASSETCATALOG_COMPILER_APPICON_NAME = AppIcon;
				ASSETCATALOG_COMPILER_LAUNCHIMAGE_NAME = "Brand Assets";
				GCC_PREFIX_HEADER = "./Orage-Lottery/PrefixHeader.pch";
				INFOPLIST_FILE = "Orage-Lottery/Info.plist";
				LD_RUNPATH_SEARCH_PATHS = "$(inherited) @executable_path/Frameworks";
				PRODUCT_BUNDLE_IDENTIFIER = "com.wzpnyg.Orage-Lottery";
				PRODUCT_NAME = "$(TARGET_NAME)";
			};
			name = Debug;
		};
		1AFB298B1CE1660400B23DD5 /* Release */ = {
			isa = XCBuildConfiguration;
			buildSettings = {
				ASSETCATALOG_COMPILER_APPICON_NAME = AppIcon;
				ASSETCATALOG_COMPILER_LAUNCHIMAGE_NAME = "Brand Assets";
				GCC_PREFIX_HEADER = "./Orage-Lottery/PrefixHeader.pch";
				INFOPLIST_FILE = "Orage-Lottery/Info.plist";
				LD_RUNPATH_SEARCH_PATHS = "$(inherited) @executable_path/Frameworks";
				PRODUCT_BUNDLE_IDENTIFIER = "com.wzpnyg.Orage-Lottery";
				PRODUCT_NAME = "$(TARGET_NAME)";
			};
			name = Release;
		};
/* End XCBuildConfiguration section */

/* Begin XCConfigurationList section */
		1AFB296D1CE1660400B23DD5 /* Build configuration list for PBXProject "Orage-Lottery" */ = {
			isa = XCConfigurationList;
			buildConfigurations = (
				1AFB29871CE1660400B23DD5 /* Debug */,
				1AFB29881CE1660400B23DD5 /* Release */,
			);
			defaultConfigurationIsVisible = 0;
			defaultConfigurationName = Release;
		};
		1AFB29891CE1660400B23DD5 /* Build configuration list for PBXNativeTarget "Orage-Lottery" */ = {
			isa = XCConfigurationList;
			buildConfigurations = (
				1AFB298A1CE1660400B23DD5 /* Debug */,
				1AFB298B1CE1660400B23DD5 /* Release */,
			);
			defaultConfigurationIsVisible = 0;
			defaultConfigurationName = Release;
		};
/* End XCConfigurationList section */
	};
	rootObject = 1AFB296A1CE1660400B23DD5 /* Project object */;
}
